{
    "_meta": {
        "hash": {
            "sha256": "419f47655a08f82ad01a42f23d0fe04a2302490432f5d20680606f780e4b89fe"
        },
        "pipfile-spec": 6,
        "requires": {
            "python_full_version": "3.8.20",
            "python_version": "3.8"
        },
        "sources": [
            {
                "name": "pypi",
                "url": "https://pypi.org/simple",
                "verify_ssl": true
            }
        ]
    },
    "default": {},
    "develop": {}
}
